
Microsoft Visual Studio Solution File, Format Version 12.00
# Visual Studio Version 16
VisualStudioVersion = 16.0.32630.194
MinimumVisualStudioVersion = 10.0.40219.1
Project("{00D1A9C2-B5F0-4AF3-8072-F6C62B433612}") = "AdventureWorks2014", "AdventureWorks2014\AdventureWorks2014.sqlproj", "{F8E8E02F-15A2-4A30-B636-8D8B89C84E8F}"
EndProject
Global
	GlobalSection(SolutionConfigurationPlatforms) = preSolution
		Debug|Any CPU = Debug|Any CPU
		Release|Any CPU = Release|Any CPU
	EndGlobalSection
	GlobalSection(ProjectConfigurationPlatforms) = postSolution
		{F8E8E02F-15A2-4A30-B636-8D8B89C84E8F}.Debug|Any CPU.ActiveCfg = Debug|Any CPU
		{F8E8E02F-15A2-4A30-B636-8D8B89C84E8F}.Debug|Any CPU.Build.0 = Debug|Any CPU
		{F8E8E02F-15A2-4A30-B636-8D8B89C84E8F}.Debug|Any CPU.Deploy.0 = Debug|Any CPU
		{F8E8E02F-15A2-4A30-B636-8D8B89C84E8F}.Release|Any CPU.ActiveCfg = Release|Any CPU
		{F8E8E02F-15A2-4A30-B636-8D8B89C84E8F}.Release|Any CPU.Build.0 = Release|Any CPU
		{F8E8E02F-15A2-4A30-B636-8D8B89C84E8F}.Release|Any CPU.Deploy.0 = Release|Any CPU
	EndGlobalSection
	GlobalSection(SolutionProperties) = preSolution
		HideSolutionNode = FALSE
	EndGlobalSection
	GlobalSection(ExtensibilityGlobals) = postSolution
		SolutionGuid = {68A802D4-B8C7-41CD-A47D-7AE40994BD0F}
	EndGlobalSection
EndGlobal
